// !$*UTF8*$!
{
	archiveVersion = 1;
	classes = {
	};
	objectVersion = 56;
	objects = {

/* Begin PBXBuildFile section */
		3FE567D52B4D6B8900693485 /* LanguageGameApp.swift in Sources */ = {isa = PBXBuildFile; fileRef = 3FE567D42B4D6B8900693485 /* LanguageGameApp.swift */; };
		3FE567D72B4D6B8900693485 /* ContentView.swift in Sources */ = {isa = PBXBuildFile; fileRef = 3FE567D62B4D6B8900693485 /* ContentView.swift */; };
		3FE567D92B4D6B8A00693485 /* Assets.xcassets in Resources */ = {isa = PBXBuildFile; fileRef = 3FE567D82B4D6B8A00693485 /* Assets.xcassets */; };
		3FE567DC2B4D6B8A00693485 /* Preview Assets.xcassets in Resources */ = {isa = PBXBuildFile; fileRef = 3FE567DB2B4D6B8A00693485 /* Preview Assets.xcassets */; };
		3FE567E62B4D6B8A00693485 /* LanguageGameTests.swift in Sources */ = {isa = PBXBuildFile; fileRef = 3FE567E52B4D6B8A00693485 /* LanguageGameTests.swift */; };
		3FE567F02B4D6B8A00693485 /* LanguageGameUITests.swift in Sources */ = {isa = PBXBuildFile; fileRef = 3FE567EF2B4D6B8A00693485 /* LanguageGameUITests.swift */; };
		3FE567F22B4D6B8A00693485 /* LanguageGameUITestsLaunchTests.swift in Sources */ = {isa = PBXBuildFile; fileRef = 3FE567F12B4D6B8A00693485 /* LanguageGameUITestsLaunchTests.swift */; };
		3FE567FF2B4D6C2F00693485 /* CardView.swift in Sources */ = {isa = PBXBuildFile; fileRef = 3FE567FE2B4D6C2F00693485 /* CardView.swift */; };
		3FE568012B4D6DB100693485 /* LanguageGameModel.swift in Sources */ = {isa = PBXBuildFile; fileRef = 3FE568002B4D6DB100693485 /* LanguageGameModel.swift */; };
		3FE568032B4D6F4200693485 /* LanguageGameViewModel.swift in Sources */ = {isa = PBXBuildFile; fileRef = 3FE568022B4D6F4200693485 /* LanguageGameViewModel.swift */; };
		3FE568052B4D716700693485 /* LevelView.swift in Sources */ = {isa = PBXBuildFile; fileRef = 3FE568042B4D716700693485 /* LevelView.swift */; };
		3FE568072B4D71E900693485 /* Level.swift in Sources */ = {isa = PBXBuildFile; fileRef = 3FE568062B4D71E900693485 /* Level.swift */; };
/* End PBXBuildFile section */

/* Begin PBXContainerItemProxy section */
		3FE567E22B4D6B8A00693485 /* PBXContainerItemProxy */ = {
			isa = PBXContainerItemProxy;
			containerPortal = 3FE567C92B4D6B8900693485 /* Project object */;
			proxyType = 1;
			remoteGlobalIDString = 3FE567D02B4D6B8900693485;
			remoteInfo = LanguageGame;
		};
		3FE567EC2B4D6B8A00693485 /* PBXContainerItemProxy */ = {
			isa = PBXContainerItemProxy;
			containerPortal = 3FE567C92B4D6B8900693485 /* Project object */;
			proxyType = 1;
			remoteGlobalIDString = 3FE567D02B4D6B8900693485;
			remoteInfo = LanguageGame;
		};
/* End PBXContainerItemProxy section */

/* Begin PBXFileReference section */
		3FE567D12B4D6B8900693485 /* LanguageGame.app */ = {isa = PBXFileReference; explicitFileType = wrapper.application; includeInIndex = 0; path = LanguageGame.app; sourceTree = BUILT_PRODUCTS_DIR; };
		3FE567D42B4D6B8900693485 /* LanguageGameApp.swift */ = {isa = PBXFileReference; lastKnownFileType = sourcecode.swift; path = LanguageGameApp.swift; sourceTree = "<group>"; };
		3FE567D62B4D6B8900693485 /* ContentView.swift */ = {isa = PBXFileReference; lastKnownFileType = sourcecode.swift; path = ContentView.swift; sourceTree = "<group>"; };
		3FE567D82B4D6B8A00693485 /* Assets.xcassets */ = {isa = PBXFileReference; lastKnownFileType = folder.assetcatalog; path = Assets.xcassets; sourceTree = "<group>"; };
		3FE567DB2B4D6B8A00693485 /* Preview Assets.xcassets */ = {isa = PBXFileReference; lastKnownFileType = folder.assetcatalog; path = "Preview Assets.xcassets"; sourceTree = "<group>"; };
		3FE567E12B4D6B8A00693485 /* LanguageGameTests.xctest */ = {isa = PBXFileReference; explicitFileType = wrapper.cfbundle; includeInIndex = 0; path = LanguageGameTests.xctest; sourceTree = BUILT_PRODUCTS_DIR; };
		3FE567E52B4D6B8A00693485 /* LanguageGameTests.swift */ = {isa = PBXFileReference; lastKnownFileType = sourcecode.swift; path = LanguageGameTests.swift; sourceTree = "<group>"; };
		3FE567EB2B4D6B8A00693485 /* LanguageGameUITests.xctest */ = {isa = PBXFileReference; explicitFileType = wrapper.cfbundle; includeInIndex = 0; path = LanguageGameUITests.xctest; sourceTree = BUILT_PRODUCTS_DIR; };
		3FE567EF2B4D6B8A00693485 /* LanguageGameUITests.swift */ = {isa = PBXFileReference; lastKnownFileType = sourcecode.swift; path = LanguageGameUITests.swift; sourceTree = "<group>"; };
		3FE567F12B4D6B8A00693485 /* LanguageGameUITestsLaunchTests.swift */ = {isa = PBXFileReference; lastKnownFileType = sourcecode.swift; path = LanguageGameUITestsLaunchTests.swift; sourceTree = "<group>"; };
		3FE567FE2B4D6C2F00693485 /* CardView.swift */ = {isa = PBXFileReference; lastKnownFileType = sourcecode.swift; path = CardView.swift; sourceTree = "<group>"; };
		3FE568002B4D6DB100693485 /* LanguageGameModel.swift */ = {isa = PBXFileReference; lastKnownFileType = sourcecode.swift; path = LanguageGameModel.swift; sourceTree = "<group>"; };
		3FE568022B4D6F4200693485 /* LanguageGameViewModel.swift */ = {isa = PBXFileReference; lastKnownFileType = sourcecode.swift; path = LanguageGameViewModel.swift; sourceTree = "<group>"; };
		3FE568042B4D716700693485 /* LevelView.swift */ = {isa = PBXFileReference; lastKnownFileType = sourcecode.swift; path = LevelView.swift; sourceTree = "<group>"; };
		3FE568062B4D71E900693485 /* Level.swift */ = {isa = PBXFileReference; lastKnownFileType = sourcecode.swift; path = Level.swift; sourceTree = "<group>"; };
/* End PBXFileReference section */

/* Begin PBXFrameworksBuildPhase section */
		3FE567CE2B4D6B8900693485 /* Frameworks */ = {
			isa = PBXFrameworksBuildPhase;
			buildActionMask = 2147483647;
			files = (
			);
			runOnlyForDeploymentPostprocessing = 0;
		};
		3FE567DE2B4D6B8A00693485 /* Frameworks */ = {
			isa = PBXFrameworksBuildPhase;
			buildActionMask = 2147483647;
			files = (
			);
			runOnlyForDeploymentPostprocessing = 0;
		};
		3FE567E82B4D6B8A00693485 /* Frameworks */ = {
			isa = PBXFrameworksBuildPhase;
			buildActionMask = 2147483647;
			files = (
			);
			runOnlyForDeploymentPostprocessing = 0;
		};
/* End PBXFrameworksBuildPhase section */

/* Begin PBXGroup section */
		3FE567C82B4D6B8900693485 = {
			isa = PBXGroup;
			children = (
				3FE567D32B4D6B8900693485 /* LanguageGame */,
				3FE567E42B4D6B8A00693485 /* LanguageGameTests */,
				3FE567EE2B4D6B8A00693485 /* LanguageGameUITests */,
				3FE567D22B4D6B8900693485 /* Products */,
			);
			sourceTree = "<group>";
		};
		3FE567D22B4D6B8900693485 /* Products */ = {
			isa = PBXGroup;
			children = (
				3FE567D12B4D6B8900693485 /* LanguageGame.app */,
				3FE567E12B4D6B8A00693485 /* LanguageGameTests.xctest */,
				3FE567EB2B4D6B8A00693485 /* LanguageGameUITests.xctest */,
			);
			name = Products;
			sourceTree = "<group>";
		};
		3FE567D32B4D6B8900693485 /* LanguageGame */ = {
			isa = PBXGroup;
			children = (
				3FE568062B4D71E900693485 /* Level.swift */,
				3FE568022B4D6F4200693485 /* LanguageGameViewModel.swift */,
				3FE568042B4D716700693485 /* LevelView.swift */,
				3FE567D42B4D6B8900693485 /* LanguageGameApp.swift */,
				3FE567D62B4D6B8900693485 /* ContentView.swift */,
				3FE567D82B4D6B8A00693485 /* Assets.xcassets */,
				3FE567DA2B4D6B8A00693485 /* Preview Content */,
				3FE567FE2B4D6C2F00693485 /* CardView.swift */,
				3FE568002B4D6DB100693485 /* LanguageGameModel.swift */,
			);
			path = LanguageGame;
			sourceTree = "<group>";
		};
		3FE567DA2B4D6B8A00693485 /* Preview Content */ = {
			isa = PBXGroup;
			children = (
				3FE567DB2B4D6B8A00693485 /* Preview Assets.xcassets */,
			);
			path = "Preview Content";
			sourceTree = "<group>";
		};
		3FE567E42B4D6B8A00693485 /* LanguageGameTests */ = {
			isa = PBXGroup;
			children = (
				3FE567E52B4D6B8A00693485 /* LanguageGameTests.swift */,
			);
			path = LanguageGameTests;
			sourceTree = "<group>";
		};
		3FE567EE2B4D6B8A00693485 /* LanguageGameUITests */ = {
			isa = PBXGroup;
			children = (
				3FE567EF2B4D6B8A00693485 /* LanguageGameUITests.swift */,
				3FE567F12B4D6B8A00693485 /* LanguageGameUITestsLaunchTests.swift */,
			);
			path = LanguageGameUITests;
			sourceTree = "<group>";
		};
/* End PBXGroup section */

/* Begin PBXNativeTarget section */
		3FE567D02B4D6B8900693485 /* LanguageGame */ = {
			isa = PBXNativeTarget;
			buildConfigurationList = 3FE567F52B4D6B8A00693485 /* Build configuration list for PBXNativeTarget "LanguageGame" */;
			buildPhases = (
				3FE567CD2B4D6B8900693485 /* Sources */,
				3FE567CE2B4D6B8900693485 /* Frameworks */,
				3FE567CF2B4D6B8900693485 /* Resources */,
			);
			buildRules = (
			);
			dependencies = (
			);
			name = LanguageGame;
			productName = LanguageGame;
			productReference = 3FE567D12B4D6B8900693485 /* LanguageGame.app */;
			productType = "com.apple.product-type.application";
		};
		3FE567E02B4D6B8A00693485 /* LanguageGameTests */ = {
			isa = PBXNativeTarget;
			buildConfigurationList = 3FE567F82B4D6B8A00693485 /* Build configuration list for PBXNativeTarget "LanguageGameTests" */;
			buildPhases = (
				3FE567DD2B4D6B8A00693485 /* Sources */,
				3FE567DE2B4D6B8A00693485 /* Frameworks */,
				3FE567DF2B4D6B8A00693485 /* Resources */,
			);
			buildRules = (
			);
			dependencies = (
				3FE567E32B4D6B8A00693485 /* PBXTargetDependency */,
			);
			name = LanguageGameTests;
			productName = LanguageGameTests;
			productReference = 3FE567E12B4D6B8A00693485 /* LanguageGameTests.xctest */;
			productType = "com.apple.product-type.bundle.unit-test";
		};
		3FE567EA2B4D6B8A00693485 /* LanguageGameUITests */ = {
			isa = PBXNativeTarget;
			buildConfigurationList = 3FE567FB2B4D6B8A00693485 /* Build configuration list for PBXNativeTarget "LanguageGameUITests" */;
			buildPhases = (
				3FE567E72B4D6B8A00693485 /* Sources */,
				3FE567E82B4D6B8A00693485 /* Frameworks */,
				3FE567E92B4D6B8A00693485 /* Resources */,
			);
			buildRules = (
			);
			dependencies = (
				3FE567ED2B4D6B8A00693485 /* PBXTargetDependency */,
			);
			name = LanguageGameUITests;
			productName = LanguageGameUITests;
			productReference = 3FE567EB2B4D6B8A00693485 /* LanguageGameUITests.xctest */;
			productType = "com.apple.product-type.bundle.ui-testing";
		};
/* End PBXNativeTarget section */

/* Begin PBXProject section */
		3FE567C92B4D6B8900693485 /* Project object */ = {
			isa = PBXProject;
			attributes = {
				BuildIndependentTargetsInParallel = 1;
				LastSwiftUpdateCheck = 1500;
				LastUpgradeCheck = 1500;
				TargetAttributes = {
					3FE567D02B4D6B8900693485 = {
						CreatedOnToolsVersion = 15.0;
					};
					3FE567E02B4D6B8A00693485 = {
						CreatedOnToolsVersion = 15.0;
						TestTargetID = 3FE567D02B4D6B8900693485;
					};
					3FE567EA2B4D6B8A00693485 = {
						CreatedOnToolsVersion = 15.0;
						TestTargetID = 3FE567D02B4D6B8900693485;
					};
				};
			};
			buildConfigurationList = 3FE567CC2B4D6B8900693485 /* Build configuration list for PBXProject "LanguageGame" */;
			compatibilityVersion = "Xcode 14.0";
			developmentRegion = en;
			hasScannedForEncodings = 0;
			knownRegions = (
				en,
				Base,
			);
			mainGroup = 3FE567C82B4D6B8900693485;
			productRefGroup = 3FE567D22B4D6B8900693485 /* Products */;
			projectDirPath = "";
			projectRoot = "";
			targets = (
				3FE567D02B4D6B8900693485 /* LanguageGame */,
				3FE567E02B4D6B8A00693485 /* LanguageGameTests */,
				3FE567EA2B4D6B8A00693485 /* LanguageGameUITests */,
			);
		};
/* End PBXProject section */

/* Begin PBXResourcesBuildPhase section */
		3FE567CF2B4D6B8900693485 /* Resources */ = {
			isa = PBXResourcesBuildPhase;
			buildActionMask = 2147483647;
			files = (
				3FE567DC2B4D6B8A00693485 /* Preview Assets.xcassets in Resources */,
				3FE567D92B4D6B8A00693485 /* Assets.xcassets in Resources */,
			);
			runOnlyForDeploymentPostprocessing = 0;
		};
		3FE567DF2B4D6B8A00693485 /* Resources */ = {
			isa = PBXResourcesBuildPhase;
			buildActionMask = 2147483647;
			files = (
			);
			runOnlyForDeploymentPostprocessing = 0;
		};
		3FE567E92B4D6B8A00693485 /* Resources */ = {
			isa = PBXResourcesBuildPhase;
			buildActionMask = 2147483647;
			files = (
			);
			runOnlyForDeploymentPostprocessing = 0;
		};
/* End PBXResourcesBuildPhase section */

/* Begin PBXSourcesBuildPhase section */
		3FE567CD2B4D6B8900693485 /* Sources */ = {
			isa = PBXSourcesBuildPhase;
			buildActionMask = 2147483647;
			files = (
				3FE567D72B4D6B8900693485 /* ContentView.swift in Sources */,
				3FE568072B4D71E900693485 /* Level.swift in Sources */,
				3FE568052B4D716700693485 /* LevelView.swift in Sources */,
				3FE568032B4D6F4200693485 /* LanguageGameViewModel.swift in Sources */,
				3FE568012B4D6DB100693485 /* LanguageGameModel.swift in Sources */,
				3FE567FF2B4D6C2F00693485 /* CardView.swift in Sources */,
				3FE567D52B4D6B8900693485 /* LanguageGameApp.swift in Sources */,
			);
			runOnlyForDeploymentPostprocessing = 0;
		};
		3FE567DD2B4D6B8A00693485 /* Sources */ = {
			isa = PBXSourcesBuildPhase;
			buildActionMask = 2147483647;
			files = (
				3FE567E62B4D6B8A00693485 /* LanguageGameTests.swift in Sources */,
			);
			runOnlyForDeploymentPostprocessing = 0;
		};
		3FE567E72B4D6B8A00693485 /* Sources */ = {
			isa = PBXSourcesBuildPhase;
			buildActionMask = 2147483647;
			files = (
				3FE567F22B4D6B8A00693485 /* LanguageGameUITestsLaunchTests.swift in Sources */,
				3FE567F02B4D6B8A00693485 /* LanguageGameUITests.swift in Sources */,
			);
			runOnlyForDeploymentPostprocessing = 0;
		};
/* End PBXSourcesBuildPhase section */

/* Begin PBXTargetDependency section */
		3FE567E32B4D6B8A00693485 /* PBXTargetDependency */ = {
			isa = PBXTargetDependency;
			target = 3FE567D02B4D6B8900693485 /* LanguageGame */;
			targetProxy = 3FE567E22B4D6B8A00693485 /* PBXContainerItemProxy */;
		};
		3FE567ED2B4D6B8A00693485 /* PBXTargetDependency */ = {
			isa = PBXTargetDependency;
			target = 3FE567D02B4D6B8900693485 /* LanguageGame */;
			targetProxy = 3FE567EC2B4D6B8A00693485 /* PBXContainerItemProxy */;
		};
/* End PBXTargetDependency section */

/* Begin XCBuildConfiguration section */
		3FE567F32B4D6B8A00693485 /* Debug */ = {
			isa = XCBuildConfiguration;
			buildSettings = {
				ALWAYS_SEARCH_USER_PATHS = NO;
				ASSETCATALOG_COMPILER_GENERATE_SWIFT_ASSET_SYMBOL_EXTENSIONS = YES;
				CLANG_ANALYZER_NONNULL = YES;
				CLANG_ANALYZER_NUMBER_OBJECT_CONVERSION = YES_AGGRESSIVE;
				CLANG_CXX_LANGUAGE_STANDARD = "gnu++20";
				CLANG_ENABLE_MODULES = YES;
				CLANG_ENABLE_OBJC_ARC = YES;
				CLANG_ENABLE_OBJC_WEAK = YES;
				CLANG_WARN_BLOCK_CAPTURE_AUTORELEASING = YES;
				CLANG_WARN_BOOL_CONVERSION = YES;
				CLANG_WARN_COMMA = YES;
				CLANG_WARN_CONSTANT_CONVERSION = YES;
				CLANG_WARN_DEPRECATED_OBJC_IMPLEMENTATIONS = YES;
				CLANG_WARN_DIRECT_OBJC_ISA_USAGE = YES_ERROR;
				CLANG_WARN_DOCUMENTATION_COMMENTS = YES;
				CLANG_WARN_EMPTY_BODY = YES;
				CLANG_WARN_ENUM_CONVERSION = YES;
				CLANG_WARN_INFINITE_RECURSION = YES;
				CLANG_WARN_INT_CONVERSION = YES;
				CLANG_WARN_NON_LITERAL_NULL_CONVERSION = YES;
				CLANG_WARN_OBJC_IMPLICIT_RETAIN_SELF = YES;
				CLANG_WARN_OBJC_LITERAL_CONVERSION = YES;
				CLANG_WARN_OBJC_ROOT_CLASS = YES_ERROR;
				CLANG_WARN_QUOTED_INCLUDE_IN_FRAMEWORK_HEADER = YES;
				CLANG_WARN_RANGE_LOOP_ANALYSIS = YES;
				CLANG_WARN_STRICT_PROTOTYPES = YES;
				CLANG_WARN_SUSPICIOUS_MOVE = YES;
				CLANG_WARN_UNGUARDED_AVAILABILITY = YES_AGGRESSIVE;
				CLANG_WARN_UNREACHABLE_CODE = YES;
				CLANG_WARN__DUPLICATE_METHOD_MATCH = YES;
				COPY_PHASE_STRIP = NO;
				DEBUG_INFORMATION_FORMAT = dwarf;
				ENABLE_STRICT_OBJC_MSGSEND = YES;
				ENABLE_TESTABILITY = YES;
				ENABLE_USER_SCRIPT_SANDBOXING = YES;
				GCC_C_LANGUAGE_STANDARD = gnu17;
				GCC_DYNAMIC_NO_PIC = NO;
				GCC_NO_COMMON_BLOCKS = YES;
				GCC_OPTIMIZATION_LEVEL = 0;
				GCC_PREPROCESSOR_DEFINITIONS = (
					"DEBUG=1",
					"$(inherited)",
				);
				GCC_WARN_64_TO_32_BIT_CONVERSION = YES;
				GCC_WARN_ABOUT_RETURN_TYPE = YES_ERROR;
				GCC_WARN_UNDECLARED_SELECTOR = YES;
				GCC_WARN_UNINITIALIZED_AUTOS = YES_AGGRESSIVE;
				GCC_WARN_UNUSED_FUNCTION = YES;
				GCC_WARN_UNUSED_VARIABLE = YES;
				IPHONEOS_DEPLOYMENT_TARGET = 17.0;
				LOCALIZATION_PREFERS_STRING_CATALOGS = YES;
				MTL_ENABLE_DEBUG_INFO = INCLUDE_SOURCE;
				MTL_FAST_MATH = YES;
				ONLY_ACTIVE_ARCH = YES;
				SDKROOT = iphoneos;
				SWIFT_ACTIVE_COMPILATION_CONDITIONS = "DEBUG $(inherited)";
				SWIFT_OPTIMIZATION_LEVEL = "-Onone";
			};
			name = Debug;
		};
		3FE567F42B4D6B8A00693485 /* Release */ = {
			isa = XCBuildConfiguration;
			buildSettings = {
				ALWAYS_SEARCH_USER_PATHS = NO;
				ASSETCATALOG_COMPILER_GENERATE_SWIFT_ASSET_SYMBOL_EXTENSIONS = YES;
				CLANG_ANALYZER_NONNULL = YES;
				CLANG_ANALYZER_NUMBER_OBJECT_CONVERSION = YES_AGGRESSIVE;
				CLANG_CXX_LANGUAGE_STANDARD = "gnu++20";
				CLANG_ENABLE_MODULES = YES;
				CLANG_ENABLE_OBJC_ARC = YES;
				CLANG_ENABLE_OBJC_WEAK = YES;
				CLANG_WARN_BLOCK_CAPTURE_AUTORELEASING = YES;
				CLANG_WARN_BOOL_CONVERSION = YES;
				CLANG_WARN_COMMA = YES;
				CLANG_WARN_CONSTANT_CONVERSION = YES;
				CLANG_WARN_DEPRECATED_OBJC_IMPLEMENTATIONS = YES;
				CLANG_WARN_DIRECT_OBJC_ISA_USAGE = YES_ERROR;
				CLANG_WARN_DOCUMENTATION_COMMENTS = YES;
				CLANG_WARN_EMPTY_BODY = YES;
				CLANG_WARN_ENUM_CONVERSION = YES;
				CLANG_WARN_INFINITE_RECURSION = YES;
				CLANG_WARN_INT_CONVERSION = YES;
				CLANG_WARN_NON_LITERAL_NULL_CONVERSION = YES;
				CLANG_WARN_OBJC_IMPLICIT_RETAIN_SELF = YES;
				CLANG_WARN_OBJC_LITERAL_CONVERSION = YES;
				CLANG_WARN_OBJC_ROOT_CLASS = YES_ERROR;
				CLANG_WARN_QUOTED_INCLUDE_IN_FRAMEWORK_HEADER = YES;
				CLANG_WARN_RANGE_LOOP_ANALYSIS = YES;
				CLANG_WARN_STRICT_PROTOTYPES = YES;
				CLANG_WARN_SUSPICIOUS_MOVE = YES;
				CLANG_WARN_UNGUARDED_AVAILABILITY = YES_AGGRESSIVE;
				CLANG_WARN_UNREACHABLE_CODE = YES;
				CLANG_WARN__DUPLICATE_METHOD_MATCH = YES;
				COPY_PHASE_STRIP = NO;
				DEBUG_INFORMATION_FORMAT = "dwarf-with-dsym";
				ENABLE_NS_ASSERTIONS = NO;
				ENABLE_STRICT_OBJC_MSGSEND = YES;
				ENABLE_USER_SCRIPT_SANDBOXING = YES;
				GCC_C_LANGUAGE_STANDARD = gnu17;
				GCC_NO_COMMON_BLOCKS = YES;
				GCC_WARN_64_TO_32_BIT_CONVERSION = YES;
				GCC_WARN_ABOUT_RETURN_TYPE = YES_ERROR;
				GCC_WARN_UNDECLARED_SELECTOR = YES;
				GCC_WARN_UNINITIALIZED_AUTOS = YES_AGGRESSIVE;
				GCC_WARN_UNUSED_FUNCTION = YES;
				GCC_WARN_UNUSED_VARIABLE = YES;
				IPHONEOS_DEPLOYMENT_TARGET = 17.0;
				LOCALIZATION_PREFERS_STRING_CATALOGS = YES;
				MTL_ENABLE_DEBUG_INFO = NO;
				MTL_FAST_MATH = YES;
				SDKROOT = iphoneos;
				SWIFT_COMPILATION_MODE = wholemodule;
				VALIDATE_PRODUCT = YES;
			};
			name = Release;
		};
		3FE567F62B4D6B8A00693485 /* Debug */ = {
			isa = XCBuildConfiguration;
			buildSettings = {
				ASSETCATALOG_COMPILER_APPICON_NAME = AppIcon;
				ASSETCATALOG_COMPILER_GLOBAL_ACCENT_COLOR_NAME = AccentColor;
				CODE_SIGN_STYLE = Automatic;
				CURRENT_PROJECT_VERSION = 1;
				DEVELOPMENT_ASSET_PATHS = "\"LanguageGame/Preview Content\"";
				ENABLE_PREVIEWS = YES;
				GENERATE_INFOPLIST_FILE = YES;
				INFOPLIST_KEY_UIApplicationSceneManifest_Generation = YES;
				INFOPLIST_KEY_UIApplicationSupportsIndirectInputEvents = YES;
				INFOPLIST_KEY_UILaunchScreen_Generation = YES;
				INFOPLIST_KEY_UISupportedInterfaceOrientations_iPad = "UIInterfaceOrientationPortrait UIInterfaceOrientationPortraitUpsideDown UIInterfaceOrientationLandscapeLeft UIInterfaceOrientationLandscapeRight";
				INFOPLIST_KEY_UISupportedInterfaceOrientations_iPhone = "UIInterfaceOrientationPortrait UIInterfaceOrientationLandscapeLeft UIInterfaceOrientationLandscapeRight";
				LD_RUNPATH_SEARCH_PATHS = (
					"$(inherited)",
					"@executable_path/Frameworks",
				);
				MARKETING_VERSION = 1.0;
				PRODUCT_BUNDLE_IDENTIFIER = LUT.LanguageGame;
				PRODUCT_NAME = "$(TARGET_NAME)";
				SWIFT_EMIT_LOC_STRINGS = YES;
				SWIFT_VERSION = 5.0;
				TARGETED_DEVICE_FAMILY = "1,2";
			};
			name = Debug;
		};
		3FE567F72B4D6B8A00693485 /* Release */ = {
			isa = XCBuildConfiguration;
			buildSettings = {
				ASSETCATALOG_COMPILER_APPICON_NAME = AppIcon;
				ASSETCATALOG_COMPILER_GLOBAL_ACCENT_COLOR_NAME = AccentColor;
				CODE_SIGN_STYLE = Automatic;
				CURRENT_PROJECT_VERSION = 1;
				DEVELOPMENT_ASSET_PATHS = "\"LanguageGame/Preview Content\"";
				ENABLE_PREVIEWS = YES;
				GENERATE_INFOPLIST_FILE = YES;
				INFOPLIST_KEY_UIApplicationSceneManifest_Generation = YES;
				INFOPLIST_KEY_UIApplicationSupportsIndirectInputEvents = YES;
				INFOPLIST_KEY_UILaunchScreen_Generation = YES;
				INFOPLIST_KEY_UISupportedInterfaceOrientations_iPad = "UIInterfaceOrientationPortrait UIInterfaceOrientationPortraitUpsideDown UIInterfaceOrientationLandscapeLeft UIInterfaceOrientationLandscapeRight";
				INFOPLIST_KEY_UISupportedInterfaceOrientations_iPhone = "UIInterfaceOrientationPortrait UIInterfaceOrientationLandscapeLeft UIInterfaceOrientationLandscapeRight";
				LD_RUNPATH_SEARCH_PATHS = (
					"$(inherited)",
					"@executable_path/Frameworks",
				);
				MARKETING_VERSION = 1.0;
				PRODUCT_BUNDLE_IDENTIFIER = LUT.LanguageGame;
				PRODUCT_NAME = "$(TARGET_NAME)";
				SWIFT_EMIT_LOC_STRINGS = YES;
				SWIFT_VERSION = 5.0;
				TARGETED_DEVICE_FAMILY = "1,2";
			};
			name = Release;
		};
		3FE567F92B4D6B8A00693485 /* Debug */ = {
			isa = XCBuildConfiguration;
			buildSettings = {
				ALWAYS_EMBED_SWIFT_STANDARD_LIBRARIES = YES;
				BUNDLE_LOADER = "$(TEST_HOST)";
				CODE_SIGN_STYLE = Automatic;
				CURRENT_PROJECT_VERSION = 1;
				GENERATE_INFOPLIST_FILE = YES;
				IPHONEOS_DEPLOYMENT_TARGET = 17.0;
				MARKETING_VERSION = 1.0;
				PRODUCT_BUNDLE_IDENTIFIER = LUT.LanguageGameTests;
				PRODUCT_NAME = "$(TARGET_NAME)";
				SWIFT_EMIT_LOC_STRINGS = NO;
				SWIFT_VERSION = 5.0;
				TARGETED_DEVICE_FAMILY = "1,2";
				TEST_HOST = "$(BUILT_PRODUCTS_DIR)/LanguageGame.app/$(BUNDLE_EXECUTABLE_FOLDER_PATH)/LanguageGame";
			};
			name = Debug;
		};
		3FE567FA2B4D6B8A00693485 /* Release */ = {
			isa = XCBuildConfiguration;
			buildSettings = {
				ALWAYS_EMBED_SWIFT_STANDARD_LIBRARIES = YES;
				BUNDLE_LOADER = "$(TEST_HOST)";
				CODE_SIGN_STYLE = Automatic;
				CURRENT_PROJECT_VERSION = 1;
				GENERATE_INFOPLIST_FILE = YES;
				IPHONEOS_DEPLOYMENT_TARGET = 17.0;
				MARKETING_VERSION = 1.0;
				PRODUCT_BUNDLE_IDENTIFIER = LUT.LanguageGameTests;
				PRODUCT_NAME = "$(TARGET_NAME)";
				SWIFT_EMIT_LOC_STRINGS = NO;
				SWIFT_VERSION = 5.0;
				TARGETED_DEVICE_FAMILY = "1,2";
				TEST_HOST = "$(BUILT_PRODUCTS_DIR)/LanguageGame.app/$(BUNDLE_EXECUTABLE_FOLDER_PATH)/LanguageGame";
			};
			name = Release;
		};
		3FE567FC2B4D6B8A00693485 /* Debug */ = {
			isa = XCBuildConfiguration;
			buildSettings = {
				ALWAYS_EMBED_SWIFT_STANDARD_LIBRARIES = YES;
				CODE_SIGN_STYLE = Automatic;
				CURRENT_PROJECT_VERSION = 1;
				GENERATE_INFOPLIST_FILE = YES;
				MARKETING_VERSION = 1.0;
				PRODUCT_BUNDLE_IDENTIFIER = LUT.LanguageGameUITests;
				PRODUCT_NAME = "$(TARGET_NAME)";
				SWIFT_EMIT_LOC_STRINGS = NO;
				SWIFT_VERSION = 5.0;
				TARGETED_DEVICE_FAMILY = "1,2";
				TEST_TARGET_NAME = LanguageGame;
			};
			name = Debug;
		};
		3FE567FD2B4D6B8A00693485 /* Release */ = {
			isa = XCBuildConfiguration;
			buildSettings = {
				ALWAYS_EMBED_SWIFT_STANDARD_LIBRARIES = YES;
				CODE_SIGN_STYLE = Automatic;
				CURRENT_PROJECT_VERSION = 1;
				GENERATE_INFOPLIST_FILE = YES;
				MARKETING_VERSION = 1.0;
				PRODUCT_BUNDLE_IDENTIFIER = LUT.LanguageGameUITests;
				PRODUCT_NAME = "$(TARGET_NAME)";
				SWIFT_EMIT_LOC_STRINGS = NO;
				SWIFT_VERSION = 5.0;
				TARGETED_DEVICE_FAMILY = "1,2";
				TEST_TARGET_NAME = LanguageGame;
			};
			name = Release;
		};
/* End XCBuildConfiguration section */

/* Begin XCConfigurationList section */
		3FE567CC2B4D6B8900693485 /* Build configuration list for PBXProject "LanguageGame" */ = {
			isa = XCConfigurationList;
			buildConfigurations = (
				3FE567F32B4D6B8A00693485 /* Debug */,
				3FE567F42B4D6B8A00693485 /* Release */,
			);
			defaultConfigurationIsVisible = 0;
			defaultConfigurationName = Release;
		};
		3FE567F52B4D6B8A00693485 /* Build configuration list for PBXNativeTarget "LanguageGame" */ = {
			isa = XCConfigurationList;
			buildConfigurations = (
				3FE567F62B4D6B8A00693485 /* Debug */,
				3FE567F72B4D6B8A00693485 /* Release */,
			);
			defaultConfigurationIsVisible = 0;
			defaultConfigurationName = Release;
		};
		3FE567F82B4D6B8A00693485 /* Build configuration list for PBXNativeTarget "LanguageGameTests" */ = {
			isa = XCConfigurationList;
			buildConfigurations = (
				3FE567F92B4D6B8A00693485 /* Debug */,
				3FE567FA2B4D6B8A00693485 /* Release */,
			);
			defaultConfigurationIsVisible = 0;
			defaultConfigurationName = Release;
		};
		3FE567FB2B4D6B8A00693485 /* Build configuration list for PBXNativeTarget "LanguageGameUITests" */ = {
			isa = XCConfigurationList;
			buildConfigurations = (
				3FE567FC2B4D6B8A00693485 /* Debug */,
				3FE567FD2B4D6B8A00693485 /* Release */,
			);
			defaultConfigurationIsVisible = 0;
			defaultConfigurationName = Release;
		};
/* End XCConfigurationList section */
	};
	rootObject = 3FE567C92B4D6B8900693485 /* Project object */;
}
